
Microsoft Visual Studio Solution File, Format Version 12.00
# Visual Studio Version 17
VisualStudioVersion = 17.14.36414.22
MinimumVisualStudioVersion = 10.0.40219.1
Project("{8BC9CEB8-8B4A-11D0-8D11-00A0C91BC942}") = "App.Benchmark", "Apps\App.Benchmark\App.Benchmark.vcxproj", "{A7E6392C-1A8A-43BA-A14E-B37A17FC03C2}"
	ProjectSection(ProjectDependencies) = postProject
		{748BEB74-A374-45CC-BD7D-7456DFD9AD83} = {748BEB74-A374-45CC-BD7D-7456DFD9AD83}
	EndProjectSection
EndProject
Project("{8BC9CEB8-8B4A-11D0-8D11-00A0C91BC942}") = "App.Editor", "Apps\App.Editor\App.Editor.vcxproj", "{4426F0B0-3B9A-47A6-9C88-D22988FBFCB4}"
	ProjectSection(ProjectDependencies) = postProject
		{748BEB74-A374-45CC-BD7D-7456DFD9AD83} = {748BEB74-A374-45CC-BD7D-7456DFD9AD83}
	EndProjectSection
EndProject
Project("{8BC9CEB8-8B4A-11D0-8D11-00A0C91BC942}") = "Engine.Core", "Engine\Engine.Core\Engine.Core.vcxproj", "{555AFC47-4F0B-4BA4-9D25-27342E51C84F}"
EndProject
Project("{8BC9CEB8-8B4A-11D0-8D11-00A0C91BC942}") = "Engine.RendererDX12", "Engine\Engine.RendererDX12\Engine.RendererDX12.vcxproj", "{33A65DAB-170E-49A8-9DD4-49F754ECDEB2}"
	ProjectSection(ProjectDependencies) = postProject
		{555AFC47-4F0B-4BA4-9D25-27342E51C84F} = {555AFC47-4F0B-4BA4-9D25-27342E51C84F}
	EndProjectSection
EndProject
Project("{8BC9CEB8-8B4A-11D0-8D11-00A0C91BC942}") = "Engine.RHI", "Engine\Engine.RHI\Engine.RHI.vcxproj", "{A5423833-DB9F-4661-9B92-69F152C0FCB9}"
	ProjectSection(ProjectDependencies) = postProject
		{33A65DAB-170E-49A8-9DD4-49F754ECDEB2} = {33A65DAB-170E-49A8-9DD4-49F754ECDEB2}
	EndProjectSection
EndProject
Project("{8BC9CEB8-8B4A-11D0-8D11-00A0C91BC942}") = "Engine.UI", "Engine\Engine.UI\Engine.UI.vcxproj", "{84C6F207-2A49-42E8-92F5-D2EA420C6856}"
	ProjectSection(ProjectDependencies) = postProject
		{A5423833-DB9F-4661-9B92-69F152C0FCB9} = {A5423833-DB9F-4661-9B92-69F152C0FCB9}
	EndProjectSection
EndProject
Project("{8BC9CEB8-8B4A-11D0-8D11-00A0C91BC942}") = "App.Base", "Apps\App.Base\App.Base.vcxproj", "{748BEB74-A374-45CC-BD7D-7456DFD9AD83}"
	ProjectSection(ProjectDependencies) = postProject
		{84C6F207-2A49-42E8-92F5-D2EA420C6856} = {84C6F207-2A49-42E8-92F5-D2EA420C6856}
	EndProjectSection
EndProject
Project("{2150E333-8FDC-42A3-9474-1A3956D46DE8}") = "Apps", "Apps", "{DF44F2A7-ABF6-4C6B-989E-BB2FD4F02308}"
EndProject
Project("{2150E333-8FDC-42A3-9474-1A3956D46DE8}") = "Engine", "Engine", "{1166A9E2-2D9F-470C-90EC-0C51727CCDE2}"
EndProject
Project("{2150E333-8FDC-42A3-9474-1A3956D46DE8}") = "External", "External", "{02EA681E-C7D8-13C7-8484-4AC65E1B71E8}"
EndProject
Project("{8BC9CEB8-8B4A-11D0-8D11-00A0C91BC942}") = "External.Libraries", "External\External.Libraries\External.Libraries.vcxproj", "{2FB10E73-84E6-40F9-BE47-10340341981B}"
EndProject
Global
	GlobalSection(SolutionConfigurationPlatforms) = preSolution
		Debug|x64 = Debug|x64
		Debug|x86 = Debug|x86
		Release|x64 = Release|x64
		Release|x86 = Release|x86
	EndGlobalSection
	GlobalSection(ProjectConfigurationPlatforms) = postSolution
		{A7E6392C-1A8A-43BA-A14E-B37A17FC03C2}.Debug|x64.ActiveCfg = Debug|x64
		{A7E6392C-1A8A-43BA-A14E-B37A17FC03C2}.Debug|x64.Build.0 = Debug|x64
		{A7E6392C-1A8A-43BA-A14E-B37A17FC03C2}.Debug|x86.ActiveCfg = Debug|Win32
		{A7E6392C-1A8A-43BA-A14E-B37A17FC03C2}.Debug|x86.Build.0 = Debug|Win32
		{A7E6392C-1A8A-43BA-A14E-B37A17FC03C2}.Release|x64.ActiveCfg = Release|x64
		{A7E6392C-1A8A-43BA-A14E-B37A17FC03C2}.Release|x64.Build.0 = Release|x64
		{A7E6392C-1A8A-43BA-A14E-B37A17FC03C2}.Release|x86.ActiveCfg = Release|Win32
		{A7E6392C-1A8A-43BA-A14E-B37A17FC03C2}.Release|x86.Build.0 = Release|Win32
		{4426F0B0-3B9A-47A6-9C88-D22988FBFCB4}.Debug|x64.ActiveCfg = Debug|x64
		{4426F0B0-3B9A-47A6-9C88-D22988FBFCB4}.Debug|x64.Build.0 = Debug|x64
		{4426F0B0-3B9A-47A6-9C88-D22988FBFCB4}.Debug|x86.ActiveCfg = Debug|Win32
		{4426F0B0-3B9A-47A6-9C88-D22988FBFCB4}.Debug|x86.Build.0 = Debug|Win32
		{4426F0B0-3B9A-47A6-9C88-D22988FBFCB4}.Release|x64.ActiveCfg = Release|x64
		{4426F0B0-3B9A-47A6-9C88-D22988FBFCB4}.Release|x64.Build.0 = Release|x64
		{4426F0B0-3B9A-47A6-9C88-D22988FBFCB4}.Release|x86.ActiveCfg = Release|Win32
		{4426F0B0-3B9A-47A6-9C88-D22988FBFCB4}.Release|x86.Build.0 = Release|Win32
		{555AFC47-4F0B-4BA4-9D25-27342E51C84F}.Debug|x64.ActiveCfg = Debug|x64
		{555AFC47-4F0B-4BA4-9D25-27342E51C84F}.Debug|x64.Build.0 = Debug|x64
		{555AFC47-4F0B-4BA4-9D25-27342E51C84F}.Debug|x86.ActiveCfg = Debug|Win32
		{555AFC47-4F0B-4BA4-9D25-27342E51C84F}.Debug|x86.Build.0 = Debug|Win32
		{555AFC47-4F0B-4BA4-9D25-27342E51C84F}.Release|x64.ActiveCfg = Release|x64
		{555AFC47-4F0B-4BA4-9D25-27342E51C84F}.Release|x64.Build.0 = Release|x64
		{555AFC47-4F0B-4BA4-9D25-27342E51C84F}.Release|x86.ActiveCfg = Release|Win32
		{555AFC47-4F0B-4BA4-9D25-27342E51C84F}.Release|x86.Build.0 = Release|Win32
		{33A65DAB-170E-49A8-9DD4-49F754ECDEB2}.Debug|x64.ActiveCfg = Debug|x64
		{33A65DAB-170E-49A8-9DD4-49F754ECDEB2}.Debug|x64.Build.0 = Debug|x64
		{33A65DAB-170E-49A8-9DD4-49F754ECDEB2}.Debug|x86.ActiveCfg = Debug|Win32
		{33A65DAB-170E-49A8-9DD4-49F754ECDEB2}.Debug|x86.Build.0 = Debug|Win32
		{33A65DAB-170E-49A8-9DD4-49F754ECDEB2}.Release|x64.ActiveCfg = Release|x64
		{33A65DAB-170E-49A8-9DD4-49F754ECDEB2}.Release|x64.Build.0 = Release|x64
		{33A65DAB-170E-49A8-9DD4-49F754ECDEB2}.Release|x86.ActiveCfg = Release|Win32
		{33A65DAB-170E-49A8-9DD4-49F754ECDEB2}.Release|x86.Build.0 = Release|Win32
		{A5423833-DB9F-4661-9B92-69F152C0FCB9}.Debug|x64.ActiveCfg = Debug|x64
		{A5423833-DB9F-4661-9B92-69F152C0FCB9}.Debug|x64.Build.0 = Debug|x64
		{A5423833-DB9F-4661-9B92-69F152C0FCB9}.Debug|x86.ActiveCfg = Debug|Win32
		{A5423833-DB9F-4661-9B92-69F152C0FCB9}.Debug|x86.Build.0 = Debug|Win32
		{A5423833-DB9F-4661-9B92-69F152C0FCB9}.Release|x64.ActiveCfg = Release|x64
		{A5423833-DB9F-4661-9B92-69F152C0FCB9}.Release|x64.Build.0 = Release|x64
		{A5423833-DB9F-4661-9B92-69F152C0FCB9}.Release|x86.ActiveCfg = Release|Win32
		{A5423833-DB9F-4661-9B92-69F152C0FCB9}.Release|x86.Build.0 = Release|Win32
		{84C6F207-2A49-42E8-92F5-D2EA420C6856}.Debug|x64.ActiveCfg = Debug|x64
		{84C6F207-2A49-42E8-92F5-D2EA420C6856}.Debug|x64.Build.0 = Debug|x64
		{84C6F207-2A49-42E8-92F5-D2EA420C6856}.Debug|x86.ActiveCfg = Debug|Win32
		{84C6F207-2A49-42E8-92F5-D2EA420C6856}.Debug|x86.Build.0 = Debug|Win32
		{84C6F207-2A49-42E8-92F5-D2EA420C6856}.Release|x64.ActiveCfg = Release|x64
		{84C6F207-2A49-42E8-92F5-D2EA420C6856}.Release|x64.Build.0 = Release|x64
		{84C6F207-2A49-42E8-92F5-D2EA420C6856}.Release|x86.ActiveCfg = Release|Win32
		{84C6F207-2A49-42E8-92F5-D2EA420C6856}.Release|x86.Build.0 = Release|Win32
		{748BEB74-A374-45CC-BD7D-7456DFD9AD83}.Debug|x64.ActiveCfg = Debug|x64
		{748BEB74-A374-45CC-BD7D-7456DFD9AD83}.Debug|x64.Build.0 = Debug|x64
		{748BEB74-A374-45CC-BD7D-7456DFD9AD83}.Debug|x86.ActiveCfg = Debug|Win32
		{748BEB74-A374-45CC-BD7D-7456DFD9AD83}.Debug|x86.Build.0 = Debug|Win32
		{748BEB74-A374-45CC-BD7D-7456DFD9AD83}.Release|x64.ActiveCfg = Release|x64
		{748BEB74-A374-45CC-BD7D-7456DFD9AD83}.Release|x64.Build.0 = Release|x64
		{748BEB74-A374-45CC-BD7D-7456DFD9AD83}.Release|x86.ActiveCfg = Release|Win32
		{748BEB74-A374-45CC-BD7D-7456DFD9AD83}.Release|x86.Build.0 = Release|Win32
		{2FB10E73-84E6-40F9-BE47-10340341981B}.Debug|x64.ActiveCfg = Debug|x64
		{2FB10E73-84E6-40F9-BE47-10340341981B}.Debug|x86.ActiveCfg = Debug|Win32
		{2FB10E73-84E6-40F9-BE47-10340341981B}.Debug|x86.Build.0 = Debug|Win32
		{2FB10E73-84E6-40F9-BE47-10340341981B}.Release|x64.ActiveCfg = Release|x64
		{2FB10E73-84E6-40F9-BE47-10340341981B}.Release|x64.Build.0 = Release|x64
		{2FB10E73-84E6-40F9-BE47-10340341981B}.Release|x86.ActiveCfg = Release|Win32
		{2FB10E73-84E6-40F9-BE47-10340341981B}.Release|x86.Build.0 = Release|Win32
	EndGlobalSection
	GlobalSection(SolutionProperties) = preSolution
		HideSolutionNode = FALSE
	EndGlobalSection
	GlobalSection(NestedProjects) = preSolution
		{A7E6392C-1A8A-43BA-A14E-B37A17FC03C2} = {DF44F2A7-ABF6-4C6B-989E-BB2FD4F02308}
		{4426F0B0-3B9A-47A6-9C88-D22988FBFCB4} = {DF44F2A7-ABF6-4C6B-989E-BB2FD4F02308}
		{555AFC47-4F0B-4BA4-9D25-27342E51C84F} = {1166A9E2-2D9F-470C-90EC-0C51727CCDE2}
		{33A65DAB-170E-49A8-9DD4-49F754ECDEB2} = {1166A9E2-2D9F-470C-90EC-0C51727CCDE2}
		{A5423833-DB9F-4661-9B92-69F152C0FCB9} = {1166A9E2-2D9F-470C-90EC-0C51727CCDE2}
		{84C6F207-2A49-42E8-92F5-D2EA420C6856} = {1166A9E2-2D9F-470C-90EC-0C51727CCDE2}
		{748BEB74-A374-45CC-BD7D-7456DFD9AD83} = {DF44F2A7-ABF6-4C6B-989E-BB2FD4F02308}
		{2FB10E73-84E6-40F9-BE47-10340341981B} = {02EA681E-C7D8-13C7-8484-4AC65E1B71E8}
	EndGlobalSection
	GlobalSection(ExtensibilityGlobals) = postSolution
		SolutionGuid = {B59D4E60-E05E-4200-9517-F8BDF621B487}
	EndGlobalSection
EndGlobal
