<?xml version="1.0" encoding="utf-8"?>
<Project ToolsVersion="4.0" xmlns="http://schemas.microsoft.com/developer/msbuild/2003">
  <ItemGroup>
    <Filter Include="Source Files">
      <UniqueIdentifier>{4FC737F1-C7A5-4376-A066-2A32D752A2FF}</UniqueIdentifier>
      <Extensions>cpp;c;cc;cxx;c++;cppm;ixx;def;odl;idl;hpj;bat;asm;asmx</Extensions>
    </Filter>
    <Filter Include="Header Files">
      <UniqueIdentifier>{93995380-89BD-4b04-88EB-625FBE52EBFB}</UniqueIdentifier>
      <Extensions>h;hh;hpp;hxx;h++;hm;inl;inc;ipp;xsd</Extensions>
    </Filter>
    <Filter Include="Resource Files">
      <UniqueIdentifier>{67DA6AB6-F800-4c08-8B7A-83BB121AAD01}</UniqueIdentifier>
      <Extensions>rc;ico;cur;bmp;dlg;rc2;rct;bin;rgs;gif;jpg;jpeg;jpe;resx;tiff;tif;png;wav;mfcribbon-ms</Extensions>
    </Filter>
  </ItemGroup>
  <ItemGroup>
    <ClCompile Include="src\GameTimer.cpp">
      <Filter>Source Files</Filter>
    </ClCompile>
    <ClCompile Include="src\AssetManager.cpp">
      <Filter>Source Files</Filter>
    </ClCompile>
    <ClCompile Include="src\Types\MeshTypes.cpp">
      <Filter>Source Files</Filter>
    </ClCompile>
    <ClCompile Include="src\Types\TextureTypes.cpp">
      <Filter>Source Files</Filter>
    </ClCompile>
    <ClInclude Include="src\Registries\AssetRegistryBase.cpp">
      <Filter>Source Files</Filter>
    </ClInclude>
    <ClInclude Include="src\Registries\MeshRegistry.cpp">
      <Filter>Source Files</Filter>
    </ClInclude>
    <ClInclude Include="src\Registries\TextureRegistry.cpp">
      <Filter>Source Files</Filter>
    </ClInclude>
    <ClInclude Include="src\IO\MeshImporter.cpp">
      <Filter>Source Files</Filter>
    </ClInclude>
  </ItemGroup>
  <ItemGroup>
    <ClInclude Include="Include\Engine.Core\GameTimer.h">
      <Filter>Header Files</Filter>
    </ClInclude>
    <ClInclude Include="Include\Engine.Core\AssetManager.h">
      <Filter>Header Files</Filter>
    </ClInclude>
    <ClInclude Include="Include\Engine.Core\AssetHandles.h">
      <Filter>Header Files</Filter>
    </ClInclude>
    <ClInclude Include="Include\Engine.Core\AssetLocators.h">
      <Filter>Header Files</Filter>
    </ClInclude>
    <ClInclude Include="Include\Engine.Core\Types\MeshTypes.h">
      <Filter>Header Files</Filter>
    </ClInclude>
    <ClInclude Include="Include\Engine.Core\Types\TextureTypes.h">
      <Filter>Header Files</Filter>
    </ClInclude>
    <ClInclude Include="Include\Engine.Core\Registries\AssetRegistryBase.h">
      <Filter>Header Files</Filter>
    </ClInclude>
    <ClInclude Include="Include\Engine.Core\Registries\TypedAssetRegistry.h">
      <Filter>Header Files</Filter>
    </ClInclude>
    <ClInclude Include="Include\Engine.Core\Registries\MeshRegistry.h">
      <Filter>Header Files</Filter>
    </ClInclude>
    <ClInclude Include="Include\Engine.Core\Registries\TextureRegistry.h">
      <Filter>Header Files</Filter>
    </ClInclude>
    <ClInclude Include="Include\Engine.Core\IO\ImportPolicies.h">
      <Filter>Header Files</Filter>
    </ClInclude>
    <ClInclude Include="Include\Engine.Core\IO\MeshImporter.h">
      <Filter>Header Files</Filter>
    </ClInclude>
  </ItemGroup>
</Project>